testcontainers-java
vnc-recorder
testcontainers-java-examples
testcontainers-spock
testcontainers-scala
testcontainers-python
testcontainers-java-module-dynalite
testcontainers-java-module-mariadb
testcontainers-java-module-vault
testcontainers-java-module-pumba
testcontainers-java-module-oracle-xe
testcontainers-java-module-virtuoso
testcontainers-java-module-mssqlserver
testcontainers-java-module-localstack
testcontainers-groovy-script
testcontainers-node
moby-ryuk
testcontainers-dotnet-legacy
workshop
testcontainers-go
testcontainers-rs
testcontainers-js
dind-drone-plugin
testcontainers-dotnet
sshd-docker
testcontainers-clj
testcontainers-hs
testcontainers-java-repro
helloworld
testcontainers-nocode
testcontainers-java-spring-boot-quickstart
testcontainers-showcase
tc-guide-introducing-testcontainers
tc-guide-testing-spring-boot-rest-api
tc-guide-testcontainers-lifecycle
tc-guide-configuration-of-services-running-in-container
tc-guide-template
tc-guide-replace-h2-with-real-database-for-testing
tc-guide-testing-aspnet-core
tc-guide-getting-started-with-testcontainers-for-java
tc-guide-testing-spring-boot-kafka-listener
community-module-registry
tc-guide-testing-aws-service-integrations-using-localstack
tc-guide-testing-rest-api-integrations-using-mockserver
tc-guide-getting-started-with-testcontainers-for-dotnet
testcontainers-ruby
testcontainers-jooq-codegen-maven-plugin
tc-guide-testcontainers-in-quarkus-applications
tc-guide-getting-started-with-testcontainers-for-go
tc-guide-working-with-jooq-flyway-using-testcontainers
tc-guide-getting-started-with-testcontainers-for-nodejs
testcontainers-rs-modules-community
workshop-go
tc-guide-testing-rest-api-integrations-using-wiremock
testcontainers-go-fiber
tc-guide-simple-local-development-with-testcontainers-desktop
testcontainers-c
tc-guide-testing-rest-api-integrations-in-micronaut-apps-using-wiremock
testcontainers-elixir
tc-guide-testing-micronaut-kafka-listener
.github
java-local-development-workshop
tc-guide-securing-spring-boot-microservice-using-keycloak-and-testcontainers
tc-guide-getting-started-with-testcontainers-for-python
